
Microsoft Visual Studio Solution File, Format Version 12.00
# Visual Studio 14
VisualStudioVersion = 14.0.25420.1
MinimumVisualStudioVersion = 10.0.40219.1
Project("{FAE04EC0-301F-11D3-BF4B-00C04F79EFBC}") = "MentorMatching", "MentorMatching\MentorMatching.csproj", "{1D404C48-02C5-4775-9D40-A8954006684B}"
EndProject
Project("{FAE04EC0-301F-11D3-BF4B-00C04F79EFBC}") = "MentorshipModel", "MentorshipModel\MentorshipModel.csproj", "{1320F266-FADA-4D65-AA6C-D444E9AA5768}"
EndProject
Global
	GlobalSection(SolutionConfigurationPlatforms) = preSolution
		Debug|Any CPU = Debug|Any CPU
		Release|Any CPU = Release|Any CPU
	EndGlobalSection
	GlobalSection(ProjectConfigurationPlatforms) = postSolution
		{1D404C48-02C5-4775-9D40-A8954006684B}.Debug|Any CPU.ActiveCfg = Debug|Any CPU
		{1D404C48-02C5-4775-9D40-A8954006684B}.Debug|Any CPU.Build.0 = Debug|Any CPU
		{1D404C48-02C5-4775-9D40-A8954006684B}.Release|Any CPU.ActiveCfg = Release|Any CPU
		{1D404C48-02C5-4775-9D40-A8954006684B}.Release|Any CPU.Build.0 = Release|Any CPU
		{1320F266-FADA-4D65-AA6C-D444E9AA5768}.Debug|Any CPU.ActiveCfg = Debug|Any CPU
		{1320F266-FADA-4D65-AA6C-D444E9AA5768}.Debug|Any CPU.Build.0 = Debug|Any CPU
		{1320F266-FADA-4D65-AA6C-D444E9AA5768}.Release|Any CPU.ActiveCfg = Release|Any CPU
		{1320F266-FADA-4D65-AA6C-D444E9AA5768}.Release|Any CPU.Build.0 = Release|Any CPU
	EndGlobalSection
	GlobalSection(SolutionProperties) = preSolution
		HideSolutionNode = FALSE
	EndGlobalSection
EndGlobal
